// !$*UTF8*$!
{
	archiveVersion = 1;
	classes = {
	};
	objectVersion = 55;
	objects = {

/* Begin PBXBuildFile section */
		32554A752885EBB00080B124 /* AppColors.swift in Sources */ = {isa = PBXBuildFile; fileRef = 32554A742885EBB00080B124 /* AppColors.swift */; };
		32554A772885EBDE0080B124 /* AppConstants.swift in Sources */ = {isa = PBXBuildFile; fileRef = 32554A762885EBDE0080B124 /* AppConstants.swift */; };
		32554A792885EC350080B124 /* AppDefaults.swift in Sources */ = {isa = PBXBuildFile; fileRef = 32554A782885EC350080B124 /* AppDefaults.swift */; };
		32554A7B2885EC7D0080B124 /* AppFonts.swift in Sources */ = {isa = PBXBuildFile; fileRef = 32554A7A2885EC7D0080B124 /* AppFonts.swift */; };
		32554A7D2885ECCB0080B124 /* AppImages.swift in Sources */ = {isa = PBXBuildFile; fileRef = 32554A7C2885ECCB0080B124 /* AppImages.swift */; };
		32554A7F2885ECFD0080B124 /* AppObservers.swift in Sources */ = {isa = PBXBuildFile; fileRef = 32554A7E2885ECFD0080B124 /* AppObservers.swift */; };
		32554A822885ED690080B124 /* CommonFunctions.swift in Sources */ = {isa = PBXBuildFile; fileRef = 32554A812885ED690080B124 /* CommonFunctions.swift */; };
		32554A842885ED9E0080B124 /* ManageNavigations.swift in Sources */ = {isa = PBXBuildFile; fileRef = 32554A832885ED9E0080B124 /* ManageNavigations.swift */; };
		32554A872885EE0C0080B124 /* ContactBean.swift in Sources */ = {isa = PBXBuildFile; fileRef = 32554A862885EE0C0080B124 /* ContactBean.swift */; };
		32554A892885EE350080B124 /* ContactsCoreDataManager.swift in Sources */ = {isa = PBXBuildFile; fileRef = 32554A882885EE350080B124 /* ContactsCoreDataManager.swift */; };
		32554A8B2885EE710080B124 /* ContactsUtility.swift in Sources */ = {isa = PBXBuildFile; fileRef = 32554A8A2885EE710080B124 /* ContactsUtility.swift */; };
		32554A8D2885EF0D0080B124 /* dialCode in Resources */ = {isa = PBXBuildFile; fileRef = 32554A8C2885EF0D0080B124 /* dialCode */; };
		32554A902885EF4D0080B124 /* ArrayExtensions.swift in Sources */ = {isa = PBXBuildFile; fileRef = 32554A8F2885EF4D0080B124 /* ArrayExtensions.swift */; };
		32554A922885EF750080B124 /* DateExtension.swift in Sources */ = {isa = PBXBuildFile; fileRef = 32554A912885EF750080B124 /* DateExtension.swift */; };
		32554A942885EFAF0080B124 /* DictionaryExtension.swift in Sources */ = {isa = PBXBuildFile; fileRef = 32554A932885EFAF0080B124 /* DictionaryExtension.swift */; };
		32554A962885EFE60080B124 /* DispatchQueueExtension.swift in Sources */ = {isa = PBXBuildFile; fileRef = 32554A952885EFE60080B124 /* DispatchQueueExtension.swift */; };
		32554A982885F0170080B124 /* NumberExtension.swift in Sources */ = {isa = PBXBuildFile; fileRef = 32554A972885F0170080B124 /* NumberExtension.swift */; };
		32554A9A2885F03E0080B124 /* StringExtension.swift in Sources */ = {isa = PBXBuildFile; fileRef = 32554A992885F03E0080B124 /* StringExtension.swift */; };
		32554A9C2885F07F0080B124 /* UIApplicationExtension.swift in Sources */ = {isa = PBXBuildFile; fileRef = 32554A9B2885F07F0080B124 /* UIApplicationExtension.swift */; };
		32554A9E2885F0BB0080B124 /* UIButtonExtension.swift in Sources */ = {isa = PBXBuildFile; fileRef = 32554A9D2885F0BB0080B124 /* UIButtonExtension.swift */; };
		32554AA02885F0F20080B124 /* UICollectionView+UICollectionViewCellExtension.swift in Sources */ = {isa = PBXBuildFile; fileRef = 32554A9F2885F0F20080B124 /* UICollectionView+UICollectionViewCellExtension.swift */; };
		32554AA22885F11B0080B124 /* UIDeviceExtension.swift in Sources */ = {isa = PBXBuildFile; fileRef = 32554AA12885F11B0080B124 /* UIDeviceExtension.swift */; };
		32554AA42885F15A0080B124 /* UIImageExtension.swift in Sources */ = {isa = PBXBuildFile; fileRef = 32554AA32885F15A0080B124 /* UIImageExtension.swift */; };
		32554AA62885F1A30080B124 /* UITableView+UITableViewCellExtension.swift in Sources */ = {isa = PBXBuildFile; fileRef = 32554AA52885F1A30080B124 /* UITableView+UITableViewCellExtension.swift */; };
		32554AA82885F1D90080B124 /* UIViewControllerExtension.swift in Sources */ = {isa = PBXBuildFile; fileRef = 32554AA72885F1D90080B124 /* UIViewControllerExtension.swift */; };
		32554AAA2885F20F0080B124 /* UIViewExtension.swift in Sources */ = {isa = PBXBuildFile; fileRef = 32554AA92885F20F0080B124 /* UIViewExtension.swift */; };
		32554AAE2885F2860080B124 /* AWSS3Manager.swift in Sources */ = {isa = PBXBuildFile; fileRef = 32554AAD2885F2860080B124 /* AWSS3Manager.swift */; };
		32554AB12885F2C80080B124 /* CoinAPI.swift in Sources */ = {isa = PBXBuildFile; fileRef = 32554AB02885F2C80080B124 /* CoinAPI.swift */; };
		32554AB32885F3030080B124 /* CoinMarketCap.swift in Sources */ = {isa = PBXBuildFile; fileRef = 32554AB22885F3030080B124 /* CoinMarketCap.swift */; };
		32554AB62885F3550080B124 /* APIResponseType.swift in Sources */ = {isa = PBXBuildFile; fileRef = 32554AB52885F3550080B124 /* APIResponseType.swift */; };
		32554AB82885F3800080B124 /* APIKeys.swift in Sources */ = {isa = PBXBuildFile; fileRef = 32554AB72885F3800080B124 /* APIKeys.swift */; };
		32554ABA2885F3A20080B124 /* Connectivity.swift in Sources */ = {isa = PBXBuildFile; fileRef = 32554AB92885F3A20080B124 /* Connectivity.swift */; };
		32554ABC2885F3C90080B124 /* EndPoints.swift in Sources */ = {isa = PBXBuildFile; fileRef = 32554ABB2885F3C90080B124 /* EndPoints.swift */; };
		32554ABE2885F3EF0080B124 /* NetworkManager.swift in Sources */ = {isa = PBXBuildFile; fileRef = 32554ABD2885F3EF0080B124 /* NetworkManager.swift */; };
		32554AC02885F44A0080B124 /* WebServices.swift in Sources */ = {isa = PBXBuildFile; fileRef = 32554ABF2885F44A0080B124 /* WebServices.swift */; };
		32554AC32885F4B00080B124 /* Encryption.swift in Sources */ = {isa = PBXBuildFile; fileRef = 32554AC22885F4B00080B124 /* Encryption.swift */; };
		32554AC52885F4F50080B124 /* WalletSecurity.swift in Sources */ = {isa = PBXBuildFile; fileRef = 32554AC42885F4F50080B124 /* WalletSecurity.swift */; };
		32554ACB2885F9EB0080B124 /* Status.swift in Sources */ = {isa = PBXBuildFile; fileRef = 32554ACA2885F9EB0080B124 /* Status.swift */; };
		32554ACD2885FA190080B124 /* CryptoCurrenciesData.swift in Sources */ = {isa = PBXBuildFile; fileRef = 32554ACC2885FA190080B124 /* CryptoCurrenciesData.swift */; };
		32554ACF2885FA370080B124 /* CryptoCurrency.swift in Sources */ = {isa = PBXBuildFile; fileRef = 32554ACE2885FA370080B124 /* CryptoCurrency.swift */; };
		32554AD12885FA660080B124 /* Currencies.swift in Sources */ = {isa = PBXBuildFile; fileRef = 32554AD02885FA660080B124 /* Currencies.swift */; };
		32554AD32885FA940080B124 /* CurrencyQuote.swift in Sources */ = {isa = PBXBuildFile; fileRef = 32554AD22885FA940080B124 /* CurrencyQuote.swift */; };
		32554AD52885FAC00080B124 /* LocalCurrency.swift in Sources */ = {isa = PBXBuildFile; fileRef = 32554AD42885FAC00080B124 /* LocalCurrency.swift */; };
		32554AD72885FAEA0080B124 /* Platform.swift in Sources */ = {isa = PBXBuildFile; fileRef = 32554AD62885FAEA0080B124 /* Platform.swift */; };
		32554AD92885FB1C0080B124 /* CryptoHistoricalData.swift in Sources */ = {isa = PBXBuildFile; fileRef = 32554AD82885FB1C0080B124 /* CryptoHistoricalData.swift */; };
		32554ADB2885FB450080B124 /* CurrencyHistory.swift in Sources */ = {isa = PBXBuildFile; fileRef = 32554ADA2885FB450080B124 /* CurrencyHistory.swift */; };
		32554ADD2885FB670080B124 /* HistoryQuote.swift in Sources */ = {isa = PBXBuildFile; fileRef = 32554ADC2885FB670080B124 /* HistoryQuote.swift */; };
		32554ADF2885FB970080B124 /* HistoryQuotes.swift in Sources */ = {isa = PBXBuildFile; fileRef = 32554ADE2885FB970080B124 /* HistoryQuotes.swift */; };
		32554AE12885FBC30080B124 /* LocalCurrencyConversion.swift in Sources */ = {isa = PBXBuildFile; fileRef = 32554AE02885FBC30080B124 /* LocalCurrencyConversion.swift */; };
		32554AE42885FC390080B124 /* Cryptocurrencies.swift in Sources */ = {isa = PBXBuildFile; fileRef = 32554AE32885FC390080B124 /* Cryptocurrencies.swift */; };
		32554AE62885FC5F0080B124 /* CurrencyModel.swift in Sources */ = {isa = PBXBuildFile; fileRef = 32554AE52885FC5F0080B124 /* CurrencyModel.swift */; };
		32554AE82885FC8D0080B124 /* UpdateCryptoCurrencyData.swift in Sources */ = {isa = PBXBuildFile; fileRef = 32554AE72885FC8D0080B124 /* UpdateCryptoCurrencyData.swift */; };
		32554AEA2885FCB90080B124 /* WalletBalances.swift in Sources */ = {isa = PBXBuildFile; fileRef = 32554AE92885FCB90080B124 /* WalletBalances.swift */; };
		32554AED2885FCF50080B124 /* EditProfileData.swift in Sources */ = {isa = PBXBuildFile; fileRef = 32554AEC2885FCF50080B124 /* EditProfileData.swift */; };
		32554AEF2885FD1F0080B124 /* EditRequest.swift in Sources */ = {isa = PBXBuildFile; fileRef = 32554AEE2885FD1F0080B124 /* EditRequest.swift */; };
		32554AF22885FD490080B124 /* ProfileData.swift in Sources */ = {isa = PBXBuildFile; fileRef = 32554AF12885FD490080B124 /* ProfileData.swift */; };
		32554AF5288600920080B124 /* AppUser.swift in Sources */ = {isa = PBXBuildFile; fileRef = 32554AF4288600920080B124 /* AppUser.swift */; };
		32554AF7288600B90080B124 /* ContactListData.swift in Sources */ = {isa = PBXBuildFile; fileRef = 32554AF6288600B90080B124 /* ContactListData.swift */; };
		32554AF9288600D80080B124 /* Contacts.swift in Sources */ = {isa = PBXBuildFile; fileRef = 32554AF8288600D80080B124 /* Contacts.swift */; };
		32554AFB288600FA0080B124 /* KeyContacts.swift in Sources */ = {isa = PBXBuildFile; fileRef = 32554AFA288600FA0080B124 /* KeyContacts.swift */; };
		32554AFD288601210080B124 /* Mobile.swift in Sources */ = {isa = PBXBuildFile; fileRef = 32554AFC288601210080B124 /* Mobile.swift */; };
		32554B002886015C0080B124 /* NotificationData.swift in Sources */ = {isa = PBXBuildFile; fileRef = 32554AFF2886015C0080B124 /* NotificationData.swift */; };
		32554B02288601830080B124 /* NotificationList.swift in Sources */ = {isa = PBXBuildFile; fileRef = 32554B01288601830080B124 /* NotificationList.swift */; };
		32554B04288601A70080B124 /* Payload.swift in Sources */ = {isa = PBXBuildFile; fileRef = 32554B03288601A70080B124 /* Payload.swift */; };
		32554B07288601DF0080B124 /* ForgotPasswordData.swift in Sources */ = {isa = PBXBuildFile; fileRef = 32554B06288601DF0080B124 /* ForgotPasswordData.swift */; };
		32554B092886020F0080B124 /* OTPVerificationData.swift in Sources */ = {isa = PBXBuildFile; fileRef = 32554B082886020F0080B124 /* OTPVerificationData.swift */; };
		32554B0B2886023E0080B124 /* RecoveryPhaseData.swift in Sources */ = {isa = PBXBuildFile; fileRef = 32554B0A2886023E0080B124 /* RecoveryPhaseData.swift */; };
		32554B0D288602620080B124 /* UpdateRecoveryPhrase.swift in Sources */ = {isa = PBXBuildFile; fileRef = 32554B0C288602620080B124 /* UpdateRecoveryPhrase.swift */; };
		32554B10288602940080B124 /* UserNameExistData.swift in Sources */ = {isa = PBXBuildFile; fileRef = 32554B0F288602940080B124 /* UserNameExistData.swift */; };
		32554B13288602CC0080B124 /* ProfileItem.swift in Sources */ = {isa = PBXBuildFile; fileRef = 32554B12288602CC0080B124 /* ProfileItem.swift */; };
		32554B15288603180080B124 /* SearchUserData.swift in Sources */ = {isa = PBXBuildFile; fileRef = 32554B14288603180080B124 /* SearchUserData.swift */; };
		32554B17288603460080B124 /* SettingItem.swift in Sources */ = {isa = PBXBuildFile; fileRef = 32554B16288603460080B124 /* SettingItem.swift */; };
		32554B1A288603A20080B124 /* Requests.swift in Sources */ = {isa = PBXBuildFile; fileRef = 32554B19288603A20080B124 /* Requests.swift */; };
		32554B1C288603F10080B124 /* RequestData.swift in Sources */ = {isa = PBXBuildFile; fileRef = 32554B1B288603F10080B124 /* RequestData.swift */; };
		32554B1F288604260080B124 /* AccountItem.swift in Sources */ = {isa = PBXBuildFile; fileRef = 32554B1E288604260080B124 /* AccountItem.swift */; };
		32554B212886044A0080B124 /* ReviewDetailsItem.swift in Sources */ = {isa = PBXBuildFile; fileRef = 32554B202886044A0080B124 /* ReviewDetailsItem.swift */; };
		32554B232886047F0080B124 /* SellBuySendRequestItem.swift in Sources */ = {isa = PBXBuildFile; fileRef = 32554B222886047F0080B124 /* SellBuySendRequestItem.swift */; };
		32554B26288604B30080B124 /* SettingsData.swift in Sources */ = {isa = PBXBuildFile; fileRef = 32554B25288604B30080B124 /* SettingsData.swift */; };
		32554B29288604EC0080B124 /* UserProfileDetailsItems.swift in Sources */ = {isa = PBXBuildFile; fileRef = 32554B28288604EC0080B124 /* UserProfileDetailsItems.swift */; };
		32554B2C2886058D0080B124 /* UserData.swift in Sources */ = {isa = PBXBuildFile; fileRef = 32554B2B2886058D0080B124 /* UserData.swift */; };
		32554B2E288605B00080B124 /* UserProfileDetails.swift in Sources */ = {isa = PBXBuildFile; fileRef = 32554B2D288605B00080B124 /* UserProfileDetails.swift */; };
		32554B31288605EC0080B124 /* WalletData.swift in Sources */ = {isa = PBXBuildFile; fileRef = 32554B30288605EC0080B124 /* WalletData.swift */; };
		32554B332886060E0080B124 /* WalletList.swift in Sources */ = {isa = PBXBuildFile; fileRef = 32554B322886060E0080B124 /* WalletList.swift */; };
		32554B352886064C0080B124 /* CommonResponseData.swift in Sources */ = {isa = PBXBuildFile; fileRef = 32554B342886064C0080B124 /* CommonResponseData.swift */; };
		32554B37288606750080B124 /* ErrorData.swift in Sources */ = {isa = PBXBuildFile; fileRef = 32554B36288606750080B124 /* ErrorData.swift */; };
		32554B48288880D50080B124 /* SwiftUIView.swift in Sources */ = {isa = PBXBuildFile; fileRef = 32554B47288880D50080B124 /* SwiftUIView.swift */; };
		32554B4B2888812E0080B124 /* CryptoCurrencyDetailsViewModel.swift in Sources */ = {isa = PBXBuildFile; fileRef = 32554B4A2888812E0080B124 /* CryptoCurrencyDetailsViewModel.swift */; };
		32554B4E288881770080B124 /* HomeViewModel.swift in Sources */ = {isa = PBXBuildFile; fileRef = 32554B4D288881770080B124 /* HomeViewModel.swift */; };
		32554B51288882740080B124 /* ForgotPasswordViewModel.swift in Sources */ = {isa = PBXBuildFile; fileRef = 32554B50288882740080B124 /* ForgotPasswordViewModel.swift */; };
		32554B53288882BD0080B124 /* LoginViewModel.swift in Sources */ = {isa = PBXBuildFile; fileRef = 32554B52288882BD0080B124 /* LoginViewModel.swift */; };
		32554B55288882E70080B124 /* OTPVerificationViewModel.swift in Sources */ = {isa = PBXBuildFile; fileRef = 32554B54288882E70080B124 /* OTPVerificationViewModel.swift */; };
		32554B57288883150080B124 /* ResetPasswordViewModel.swift in Sources */ = {isa = PBXBuildFile; fileRef = 32554B56288883150080B124 /* ResetPasswordViewModel.swift */; };
		32554B7E288887CC0080B124 /* Switch_Staging-Info.plist in Resources */ = {isa = PBXBuildFile; fileRef = 32554B5A288887CC0080B124 /* Switch_Staging-Info.plist */; };
		32554B7F288887CC0080B124 /* GoogleService-Info.plist in Resources */ = {isa = PBXBuildFile; fileRef = 32554B5B288887CC0080B124 /* GoogleService-Info.plist */; };
		32554B80288887CC0080B124 /* Switch_QA-Info.plist in Resources */ = {isa = PBXBuildFile; fileRef = 32554B5C288887CC0080B124 /* Switch_QA-Info.plist */; };
		32554B81288887CC0080B124 /* Info.plist in Resources */ = {isa = PBXBuildFile; fileRef = 32554B5D288887CC0080B124 /* Info.plist */; };
		32554B82288887CC0080B124 /* Switch_Dev-info.plist in Resources */ = {isa = PBXBuildFile; fileRef = 32554B5E288887CC0080B124 /* Switch_Dev-info.plist */; };
		32554B83288887CC0080B124 /* Poppins-ExtraLight.ttf in Resources */ = {isa = PBXBuildFile; fileRef = 32554B65288887CC0080B124 /* Poppins-ExtraLight.ttf */; };
		32554B84288887CC0080B124 /* Poppins-ThinItalic.ttf in Resources */ = {isa = PBXBuildFile; fileRef = 32554B66288887CC0080B124 /* Poppins-ThinItalic.ttf */; };
		32554B85288887CC0080B124 /* Poppins-ExtraLightItalic.ttf in Resources */ = {isa = PBXBuildFile; fileRef = 32554B67288887CC0080B124 /* Poppins-ExtraLightItalic.ttf */; };
		32554B86288887CC0080B124 /* Poppins-BoldItalic.ttf in Resources */ = {isa = PBXBuildFile; fileRef = 32554B68288887CC0080B124 /* Poppins-BoldItalic.ttf */; };
		32554B87288887CC0080B124 /* Poppins-Light.ttf in Resources */ = {isa = PBXBuildFile; fileRef = 32554B69288887CC0080B124 /* Poppins-Light.ttf */; };
		32554B88288887CC0080B124 /* Poppins-Medium.ttf in Resources */ = {isa = PBXBuildFile; fileRef = 32554B6A288887CC0080B124 /* Poppins-Medium.ttf */; };
		32554B89288887CC0080B124 /* Poppins-SemiBoldItalic.ttf in Resources */ = {isa = PBXBuildFile; fileRef = 32554B6B288887CC0080B124 /* Poppins-SemiBoldItalic.ttf */; };
		32554B8A288887CC0080B124 /* Poppins-ExtraBoldItalic.ttf in Resources */ = {isa = PBXBuildFile; fileRef = 32554B6C288887CC0080B124 /* Poppins-ExtraBoldItalic.ttf */; };
		32554B8B288887CC0080B124 /* Poppins-ExtraBold.ttf in Resources */ = {isa = PBXBuildFile; fileRef = 32554B6D288887CC0080B124 /* Poppins-ExtraBold.ttf */; };
		32554B8C288887CC0080B124 /* Poppins-BlackItalic.ttf in Resources */ = {isa = PBXBuildFile; fileRef = 32554B6E288887CC0080B124 /* Poppins-BlackItalic.ttf */; };
		32554B8D288887CC0080B124 /* Poppins-Regular.ttf in Resources */ = {isa = PBXBuildFile; fileRef = 32554B6F288887CC0080B124 /* Poppins-Regular.ttf */; };
		32554B8E288887CC0080B124 /* Poppins-LightItalic.ttf in Resources */ = {isa = PBXBuildFile; fileRef = 32554B70288887CC0080B124 /* Poppins-LightItalic.ttf */; };
		32554B8F288887CC0080B124 /* Poppins-Bold.ttf in Resources */ = {isa = PBXBuildFile; fileRef = 32554B71288887CC0080B124 /* Poppins-Bold.ttf */; };
		32554B90288887CC0080B124 /* Poppins-Black.ttf in Resources */ = {isa = PBXBuildFile; fileRef = 32554B72288887CC0080B124 /* Poppins-Black.ttf */; };
		32554B91288887CC0080B124 /* Poppins-Thin.ttf in Resources */ = {isa = PBXBuildFile; fileRef = 32554B73288887CC0080B124 /* Poppins-Thin.ttf */; };
		32554B92288887CC0080B124 /* Poppins-SemiBold.ttf in Resources */ = {isa = PBXBuildFile; fileRef = 32554B74288887CC0080B124 /* Poppins-SemiBold.ttf */; };
		32554B93288887CC0080B124 /* Poppins-Italic.ttf in Resources */ = {isa = PBXBuildFile; fileRef = 32554B75288887CC0080B124 /* Poppins-Italic.ttf */; };
		32554B94288887CC0080B124 /* Poppins-MediumItalic.ttf in Resources */ = {isa = PBXBuildFile; fileRef = 32554B76288887CC0080B124 /* Poppins-MediumItalic.ttf */; };
		32554B95288887CC0080B124 /* Colors.xcassets in Resources */ = {isa = PBXBuildFile; fileRef = 32554B78288887CC0080B124 /* Colors.xcassets */; };
		32554B96288887CC0080B124 /* Assets.xcassets in Resources */ = {isa = PBXBuildFile; fileRef = 32554B79288887CC0080B124 /* Assets.xcassets */; };
		32554B97288887CC0080B124 /* Localizable.strings in Resources */ = {isa = PBXBuildFile; fileRef = 32554B7B288887CC0080B124 /* Localizable.strings */; };
		32554B98288887CC0080B124 /* AppStrings.swift in Sources */ = {isa = PBXBuildFile; fileRef = 32554B7D288887CC0080B124 /* AppStrings.swift */; };
		32F917C12884D6830081A5AA /* SiloAppApp.swift in Sources */ = {isa = PBXBuildFile; fileRef = 32F917C02884D6830081A5AA /* SiloAppApp.swift */; };
		32F917C32884D6830081A5AA /* ContentView.swift in Sources */ = {isa = PBXBuildFile; fileRef = 32F917C22884D6830081A5AA /* ContentView.swift */; };
		32F917C52884D6880081A5AA /* Assets.xcassets in Resources */ = {isa = PBXBuildFile; fileRef = 32F917C42884D6880081A5AA /* Assets.xcassets */; };
		32F917C82884D6880081A5AA /* Preview Assets.xcassets in Resources */ = {isa = PBXBuildFile; fileRef = 32F917C72884D6880081A5AA /* Preview Assets.xcassets */; };
/* End PBXBuildFile section */

/* Begin PBXFileReference section */
		32554A742885EBB00080B124 /* AppColors.swift */ = {isa = PBXFileReference; lastKnownFileType = sourcecode.swift; path = AppColors.swift; sourceTree = "<group>"; };
		32554A762885EBDE0080B124 /* AppConstants.swift */ = {isa = PBXFileReference; lastKnownFileType = sourcecode.swift; path = AppConstants.swift; sourceTree = "<group>"; };
		32554A782885EC350080B124 /* AppDefaults.swift */ = {isa = PBXFileReference; lastKnownFileType = sourcecode.swift; path = AppDefaults.swift; sourceTree = "<group>"; };
		32554A7A2885EC7D0080B124 /* AppFonts.swift */ = {isa = PBXFileReference; lastKnownFileType = sourcecode.swift; path = AppFonts.swift; sourceTree = "<group>"; };
		32554A7C2885ECCB0080B124 /* AppImages.swift */ = {isa = PBXFileReference; lastKnownFileType = sourcecode.swift; path = AppImages.swift; sourceTree = "<group>"; };
		32554A7E2885ECFD0080B124 /* AppObservers.swift */ = {isa = PBXFileReference; lastKnownFileType = sourcecode.swift; path = AppObservers.swift; sourceTree = "<group>"; };
		32554A812885ED690080B124 /* CommonFunctions.swift */ = {isa = PBXFileReference; lastKnownFileType = sourcecode.swift; path = CommonFunctions.swift; sourceTree = "<group>"; };
		32554A832885ED9E0080B124 /* ManageNavigations.swift */ = {isa = PBXFileReference; lastKnownFileType = sourcecode.swift; path = ManageNavigations.swift; sourceTree = "<group>"; };
		32554A862885EE0C0080B124 /* ContactBean.swift */ = {isa = PBXFileReference; lastKnownFileType = sourcecode.swift; path = ContactBean.swift; sourceTree = "<group>"; };
		32554A882885EE350080B124 /* ContactsCoreDataManager.swift */ = {isa = PBXFileReference; lastKnownFileType = sourcecode.swift; path = ContactsCoreDataManager.swift; sourceTree = "<group>"; };
		32554A8A2885EE710080B124 /* ContactsUtility.swift */ = {isa = PBXFileReference; lastKnownFileType = sourcecode.swift; path = ContactsUtility.swift; sourceTree = "<group>"; };
		32554A8C2885EF0D0080B124 /* dialCode */ = {isa = PBXFileReference; lastKnownFileType = text; path = dialCode; sourceTree = "<group>"; };
		32554A8F2885EF4D0080B124 /* ArrayExtensions.swift */ = {isa = PBXFileReference; lastKnownFileType = sourcecode.swift; path = ArrayExtensions.swift; sourceTree = "<group>"; };
		32554A912885EF750080B124 /* DateExtension.swift */ = {isa = PBXFileReference; lastKnownFileType = sourcecode.swift; path = DateExtension.swift; sourceTree = "<group>"; };
		32554A932885EFAF0080B124 /* DictionaryExtension.swift */ = {isa = PBXFileReference; lastKnownFileType = sourcecode.swift; path = DictionaryExtension.swift; sourceTree = "<group>"; };
		32554A952885EFE60080B124 /* DispatchQueueExtension.swift */ = {isa = PBXFileReference; lastKnownFileType = sourcecode.swift; path = DispatchQueueExtension.swift; sourceTree = "<group>"; };
		32554A972885F0170080B124 /* NumberExtension.swift */ = {isa = PBXFileReference; lastKnownFileType = sourcecode.swift; path = NumberExtension.swift; sourceTree = "<group>"; };
		32554A992885F03E0080B124 /* StringExtension.swift */ = {isa = PBXFileReference; lastKnownFileType = sourcecode.swift; path = StringExtension.swift; sourceTree = "<group>"; };
		32554A9B2885F07F0080B124 /* UIApplicationExtension.swift */ = {isa = PBXFileReference; lastKnownFileType = sourcecode.swift; path = UIApplicationExtension.swift; sourceTree = "<group>"; };
		32554A9D2885F0BB0080B124 /* UIButtonExtension.swift */ = {isa = PBXFileReference; lastKnownFileType = sourcecode.swift; path = UIButtonExtension.swift; sourceTree = "<group>"; };
		32554A9F2885F0F20080B124 /* UICollectionView+UICollectionViewCellExtension.swift */ = {isa = PBXFileReference; lastKnownFileType = sourcecode.swift; path = "UICollectionView+UICollectionViewCellExtension.swift"; sourceTree = "<group>"; };
		32554AA12885F11B0080B124 /* UIDeviceExtension.swift */ = {isa = PBXFileReference; lastKnownFileType = sourcecode.swift; path = UIDeviceExtension.swift; sourceTree = "<group>"; };
		32554AA32885F15A0080B124 /* UIImageExtension.swift */ = {isa = PBXFileReference; lastKnownFileType = sourcecode.swift; path = UIImageExtension.swift; sourceTree = "<group>"; };
		32554AA52885F1A30080B124 /* UITableView+UITableViewCellExtension.swift */ = {isa = PBXFileReference; lastKnownFileType = sourcecode.swift; path = "UITableView+UITableViewCellExtension.swift"; sourceTree = "<group>"; };
		32554AA72885F1D90080B124 /* UIViewControllerExtension.swift */ = {isa = PBXFileReference; lastKnownFileType = sourcecode.swift; path = UIViewControllerExtension.swift; sourceTree = "<group>"; };
		32554AA92885F20F0080B124 /* UIViewExtension.swift */ = {isa = PBXFileReference; lastKnownFileType = sourcecode.swift; path = UIViewExtension.swift; sourceTree = "<group>"; };
		32554AAD2885F2860080B124 /* AWSS3Manager.swift */ = {isa = PBXFileReference; lastKnownFileType = sourcecode.swift; path = AWSS3Manager.swift; sourceTree = "<group>"; };
		32554AB02885F2C80080B124 /* CoinAPI.swift */ = {isa = PBXFileReference; lastKnownFileType = sourcecode.swift; path = CoinAPI.swift; sourceTree = "<group>"; };
		32554AB22885F3030080B124 /* CoinMarketCap.swift */ = {isa = PBXFileReference; lastKnownFileType = sourcecode.swift; path = CoinMarketCap.swift; sourceTree = "<group>"; };
		32554AB52885F3550080B124 /* APIResponseType.swift */ = {isa = PBXFileReference; lastKnownFileType = sourcecode.swift; path = APIResponseType.swift; sourceTree = "<group>"; };
		32554AB72885F3800080B124 /* APIKeys.swift */ = {isa = PBXFileReference; lastKnownFileType = sourcecode.swift; path = APIKeys.swift; sourceTree = "<group>"; };
		32554AB92885F3A20080B124 /* Connectivity.swift */ = {isa = PBXFileReference; lastKnownFileType = sourcecode.swift; path = Connectivity.swift; sourceTree = "<group>"; };
		32554ABB2885F3C90080B124 /* EndPoints.swift */ = {isa = PBXFileReference; lastKnownFileType = sourcecode.swift; path = EndPoints.swift; sourceTree = "<group>"; };
		32554ABD2885F3EF0080B124 /* NetworkManager.swift */ = {isa = PBXFileReference; lastKnownFileType = sourcecode.swift; path = NetworkManager.swift; sourceTree = "<group>"; };
		32554ABF2885F44A0080B124 /* WebServices.swift */ = {isa = PBXFileReference; lastKnownFileType = sourcecode.swift; path = WebServices.swift; sourceTree = "<group>"; };
		32554AC22885F4B00080B124 /* Encryption.swift */ = {isa = PBXFileReference; lastKnownFileType = sourcecode.swift; path = Encryption.swift; sourceTree = "<group>"; };
		32554AC42885F4F50080B124 /* WalletSecurity.swift */ = {isa = PBXFileReference; lastKnownFileType = sourcecode.swift; path = WalletSecurity.swift; sourceTree = "<group>"; };
		32554ACA2885F9EB0080B124 /* Status.swift */ = {isa = PBXFileReference; lastKnownFileType = sourcecode.swift; path = Status.swift; sourceTree = "<group>"; };
		32554ACC2885FA190080B124 /* CryptoCurrenciesData.swift */ = {isa = PBXFileReference; lastKnownFileType = sourcecode.swift; path = CryptoCurrenciesData.swift; sourceTree = "<group>"; };
		32554ACE2885FA370080B124 /* CryptoCurrency.swift */ = {isa = PBXFileReference; lastKnownFileType = sourcecode.swift; path = CryptoCurrency.swift; sourceTree = "<group>"; };
		32554AD02885FA660080B124 /* Currencies.swift */ = {isa = PBXFileReference; lastKnownFileType = sourcecode.swift; path = Currencies.swift; sourceTree = "<group>"; };
		32554AD22885FA940080B124 /* CurrencyQuote.swift */ = {isa = PBXFileReference; lastKnownFileType = sourcecode.swift; path = CurrencyQuote.swift; sourceTree = "<group>"; };
		32554AD42885FAC00080B124 /* LocalCurrency.swift */ = {isa = PBXFileReference; lastKnownFileType = sourcecode.swift; path = LocalCurrency.swift; sourceTree = "<group>"; };
		32554AD62885FAEA0080B124 /* Platform.swift */ = {isa = PBXFileReference; lastKnownFileType = sourcecode.swift; path = Platform.swift; sourceTree = "<group>"; };
		32554AD82885FB1C0080B124 /* CryptoHistoricalData.swift */ = {isa = PBXFileReference; lastKnownFileType = sourcecode.swift; path = CryptoHistoricalData.swift; sourceTree = "<group>"; };
		32554ADA2885FB450080B124 /* CurrencyHistory.swift */ = {isa = PBXFileReference; lastKnownFileType = sourcecode.swift; path = CurrencyHistory.swift; sourceTree = "<group>"; };
		32554ADC2885FB670080B124 /* HistoryQuote.swift */ = {isa = PBXFileReference; lastKnownFileType = sourcecode.swift; path = HistoryQuote.swift; sourceTree = "<group>"; };
		32554ADE2885FB970080B124 /* HistoryQuotes.swift */ = {isa = PBXFileReference; lastKnownFileType = sourcecode.swift; path = HistoryQuotes.swift; sourceTree = "<group>"; };
		32554AE02885FBC30080B124 /* LocalCurrencyConversion.swift */ = {isa = PBXFileReference; lastKnownFileType = sourcecode.swift; path = LocalCurrencyConversion.swift; sourceTree = "<group>"; };
		32554AE32885FC390080B124 /* Cryptocurrencies.swift */ = {isa = PBXFileReference; lastKnownFileType = sourcecode.swift; path = Cryptocurrencies.swift; sourceTree = "<group>"; };
		32554AE52885FC5F0080B124 /* CurrencyModel.swift */ = {isa = PBXFileReference; lastKnownFileType = sourcecode.swift; path = CurrencyModel.swift; sourceTree = "<group>"; };
		32554AE72885FC8D0080B124 /* UpdateCryptoCurrencyData.swift */ = {isa = PBXFileReference; lastKnownFileType = sourcecode.swift; path = UpdateCryptoCurrencyData.swift; sourceTree = "<group>"; };
		32554AE92885FCB90080B124 /* WalletBalances.swift */ = {isa = PBXFileReference; lastKnownFileType = sourcecode.swift; path = WalletBalances.swift; sourceTree = "<group>"; };
		32554AEC2885FCF50080B124 /* EditProfileData.swift */ = {isa = PBXFileReference; lastKnownFileType = sourcecode.swift; path = EditProfileData.swift; sourceTree = "<group>"; };
		32554AEE2885FD1F0080B124 /* EditRequest.swift */ = {isa = PBXFileReference; lastKnownFileType = sourcecode.swift; path = EditRequest.swift; sourceTree = "<group>"; };
		32554AF12885FD490080B124 /* ProfileData.swift */ = {isa = PBXFileReference; lastKnownFileType = sourcecode.swift; path = ProfileData.swift; sourceTree = "<group>"; };
		32554AF4288600920080B124 /* AppUser.swift */ = {isa = PBXFileReference; lastKnownFileType = sourcecode.swift; path = AppUser.swift; sourceTree = "<group>"; };
		32554AF6288600B90080B124 /* ContactListData.swift */ = {isa = PBXFileReference; lastKnownFileType = sourcecode.swift; path = ContactListData.swift; sourceTree = "<group>"; };
		32554AF8288600D80080B124 /* Contacts.swift */ = {isa = PBXFileReference; lastKnownFileType = sourcecode.swift; path = Contacts.swift; sourceTree = "<group>"; };
		32554AFA288600FA0080B124 /* KeyContacts.swift */ = {isa = PBXFileReference; lastKnownFileType = sourcecode.swift; path = KeyContacts.swift; sourceTree = "<group>"; };
		32554AFC288601210080B124 /* Mobile.swift */ = {isa = PBXFileReference; lastKnownFileType = sourcecode.swift; path = Mobile.swift; sourceTree = "<group>"; };
		32554AFF2886015C0080B124 /* NotificationData.swift */ = {isa = PBXFileReference; lastKnownFileType = sourcecode.swift; path = NotificationData.swift; sourceTree = "<group>"; };
		32554B01288601830080B124 /* NotificationList.swift */ = {isa = PBXFileReference; lastKnownFileType = sourcecode.swift; path = NotificationList.swift; sourceTree = "<group>"; };
		32554B03288601A70080B124 /* Payload.swift */ = {isa = PBXFileReference; lastKnownFileType = sourcecode.swift; path = Payload.swift; sourceTree = "<group>"; };
		32554B06288601DF0080B124 /* ForgotPasswordData.swift */ = {isa = PBXFileReference; lastKnownFileType = sourcecode.swift; path = ForgotPasswordData.swift; sourceTree = "<group>"; };
		32554B082886020F0080B124 /* OTPVerificationData.swift */ = {isa = PBXFileReference; lastKnownFileType = sourcecode.swift; path = OTPVerificationData.swift; sourceTree = "<group>"; };
		32554B0A2886023E0080B124 /* RecoveryPhaseData.swift */ = {isa = PBXFileReference; lastKnownFileType = sourcecode.swift; path = RecoveryPhaseData.swift; sourceTree = "<group>"; };
		32554B0C288602620080B124 /* UpdateRecoveryPhrase.swift */ = {isa = PBXFileReference; lastKnownFileType = sourcecode.swift; path = UpdateRecoveryPhrase.swift; sourceTree = "<group>"; };
		32554B0F288602940080B124 /* UserNameExistData.swift */ = {isa = PBXFileReference; lastKnownFileType = sourcecode.swift; path = UserNameExistData.swift; sourceTree = "<group>"; };
		32554B12288602CC0080B124 /* ProfileItem.swift */ = {isa = PBXFileReference; lastKnownFileType = sourcecode.swift; path = ProfileItem.swift; sourceTree = "<group>"; };
		32554B14288603180080B124 /* SearchUserData.swift */ = {isa = PBXFileReference; lastKnownFileType = sourcecode.swift; path = SearchUserData.swift; sourceTree = "<group>"; };
		32554B16288603460080B124 /* SettingItem.swift */ = {isa = PBXFileReference; lastKnownFileType = sourcecode.swift; path = SettingItem.swift; sourceTree = "<group>"; };
		32554B19288603A20080B124 /* Requests.swift */ = {isa = PBXFileReference; lastKnownFileType = sourcecode.swift; path = Requests.swift; sourceTree = "<group>"; };
		32554B1B288603F10080B124 /* RequestData.swift */ = {isa = PBXFileReference; lastKnownFileType = sourcecode.swift; path = RequestData.swift; sourceTree = "<group>"; };
		32554B1E288604260080B124 /* AccountItem.swift */ = {isa = PBXFileReference; lastKnownFileType = sourcecode.swift; path = AccountItem.swift; sourceTree = "<group>"; };
		32554B202886044A0080B124 /* ReviewDetailsItem.swift */ = {isa = PBXFileReference; lastKnownFileType = sourcecode.swift; path = ReviewDetailsItem.swift; sourceTree = "<group>"; };
		32554B222886047F0080B124 /* SellBuySendRequestItem.swift */ = {isa = PBXFileReference; lastKnownFileType = sourcecode.swift; path = SellBuySendRequestItem.swift; sourceTree = "<group>"; };
		32554B25288604B30080B124 /* SettingsData.swift */ = {isa = PBXFileReference; lastKnownFileType = sourcecode.swift; path = SettingsData.swift; sourceTree = "<group>"; };
		32554B28288604EC0080B124 /* UserProfileDetailsItems.swift */ = {isa = PBXFileReference; lastKnownFileType = sourcecode.swift; path = UserProfileDetailsItems.swift; sourceTree = "<group>"; };
		32554B2B2886058D0080B124 /* UserData.swift */ = {isa = PBXFileReference; lastKnownFileType = sourcecode.swift; path = UserData.swift; sourceTree = "<group>"; };
		32554B2D288605B00080B124 /* UserProfileDetails.swift */ = {isa = PBXFileReference; lastKnownFileType = sourcecode.swift; path = UserProfileDetails.swift; sourceTree = "<group>"; };
		32554B30288605EC0080B124 /* WalletData.swift */ = {isa = PBXFileReference; lastKnownFileType = sourcecode.swift; path = WalletData.swift; sourceTree = "<group>"; };
		32554B322886060E0080B124 /* WalletList.swift */ = {isa = PBXFileReference; lastKnownFileType = sourcecode.swift; path = WalletList.swift; sourceTree = "<group>"; };
		32554B342886064C0080B124 /* CommonResponseData.swift */ = {isa = PBXFileReference; lastKnownFileType = sourcecode.swift; path = CommonResponseData.swift; sourceTree = "<group>"; };
		32554B36288606750080B124 /* ErrorData.swift */ = {isa = PBXFileReference; lastKnownFileType = sourcecode.swift; path = ErrorData.swift; sourceTree = "<group>"; };
		32554B47288880D50080B124 /* SwiftUIView.swift */ = {isa = PBXFileReference; lastKnownFileType = sourcecode.swift; path = SwiftUIView.swift; sourceTree = "<group>"; };
		32554B4A2888812E0080B124 /* CryptoCurrencyDetailsViewModel.swift */ = {isa = PBXFileReference; lastKnownFileType = sourcecode.swift; path = CryptoCurrencyDetailsViewModel.swift; sourceTree = "<group>"; };
		32554B4D288881770080B124 /* HomeViewModel.swift */ = {isa = PBXFileReference; lastKnownFileType = sourcecode.swift; path = HomeViewModel.swift; sourceTree = "<group>"; };
		32554B50288882740080B124 /* ForgotPasswordViewModel.swift */ = {isa = PBXFileReference; lastKnownFileType = sourcecode.swift; path = ForgotPasswordViewModel.swift; sourceTree = "<group>"; };
		32554B52288882BD0080B124 /* LoginViewModel.swift */ = {isa = PBXFileReference; lastKnownFileType = sourcecode.swift; path = LoginViewModel.swift; sourceTree = "<group>"; };
		32554B54288882E70080B124 /* OTPVerificationViewModel.swift */ = {isa = PBXFileReference; lastKnownFileType = sourcecode.swift; path = OTPVerificationViewModel.swift; sourceTree = "<group>"; };
		32554B56288883150080B124 /* ResetPasswordViewModel.swift */ = {isa = PBXFileReference; lastKnownFileType = sourcecode.swift; path = ResetPasswordViewModel.swift; sourceTree = "<group>"; };
		32554B5A288887CC0080B124 /* Switch_Staging-Info.plist */ = {isa = PBXFileReference; fileEncoding = 4; lastKnownFileType = text.plist.xml; path = "Switch_Staging-Info.plist"; sourceTree = "<group>"; };
		32554B5B288887CC0080B124 /* GoogleService-Info.plist */ = {isa = PBXFileReference; fileEncoding = 4; lastKnownFileType = text.plist.xml; path = "GoogleService-Info.plist"; sourceTree = "<group>"; };
		32554B5C288887CC0080B124 /* Switch_QA-Info.plist */ = {isa = PBXFileReference; fileEncoding = 4; lastKnownFileType = text.plist.xml; path = "Switch_QA-Info.plist"; sourceTree = "<group>"; };
		32554B5D288887CC0080B124 /* Info.plist */ = {isa = PBXFileReference; fileEncoding = 4; lastKnownFileType = text.plist.xml; path = Info.plist; sourceTree = "<group>"; };
		32554B5E288887CC0080B124 /* Switch_Dev-info.plist */ = {isa = PBXFileReference; fileEncoding = 4; lastKnownFileType = text.plist.xml; path = "Switch_Dev-info.plist"; sourceTree = "<group>"; };
		32554B60288887CC0080B124 /* Switch_Staging-Bridging-Header.h */ = {isa = PBXFileReference; fileEncoding = 4; lastKnownFileType = sourcecode.c.h; path = "Switch_Staging-Bridging-Header.h"; sourceTree = "<group>"; };
		32554B61288887CC0080B124 /* Switch_QA-Bridging-Header.h */ = {isa = PBXFileReference; fileEncoding = 4; lastKnownFileType = sourcecode.c.h; path = "Switch_QA-Bridging-Header.h"; sourceTree = "<group>"; };
		32554B62288887CC0080B124 /* Switch-Bridging-Header.h */ = {isa = PBXFileReference; fileEncoding = 4; lastKnownFileType = sourcecode.c.h; path = "Switch-Bridging-Header.h"; sourceTree = "<group>"; };
		32554B63288887CC0080B124 /* Switch_Dev-Bridging-Header.h */ = {isa = PBXFileReference; fileEncoding = 4; lastKnownFileType = sourcecode.c.h; path = "Switch_Dev-Bridging-Header.h"; sourceTree = "<group>"; };
		32554B65288887CC0080B124 /* Poppins-ExtraLight.ttf */ = {isa = PBXFileReference; lastKnownFileType = file; path = "Poppins-ExtraLight.ttf"; sourceTree = "<group>"; };
		32554B66288887CC0080B124 /* Poppins-ThinItalic.ttf */ = {isa = PBXFileReference; lastKnownFileType = file; path = "Poppins-ThinItalic.ttf"; sourceTree = "<group>"; };
		32554B67288887CC0080B124 /* Poppins-ExtraLightItalic.ttf */ = {isa = PBXFileReference; lastKnownFileType = file; path = "Poppins-ExtraLightItalic.ttf"; sourceTree = "<group>"; };
		32554B68288887CC0080B124 /* Poppins-BoldItalic.ttf */ = {isa = PBXFileReference; lastKnownFileType = file; path = "Poppins-BoldItalic.ttf"; sourceTree = "<group>"; };
		32554B69288887CC0080B124 /* Poppins-Light.ttf */ = {isa = PBXFileReference; lastKnownFileType = file; path = "Poppins-Light.ttf"; sourceTree = "<group>"; };
		32554B6A288887CC0080B124 /* Poppins-Medium.ttf */ = {isa = PBXFileReference; lastKnownFileType = file; path = "Poppins-Medium.ttf"; sourceTree = "<group>"; };
		32554B6B288887CC0080B124 /* Poppins-SemiBoldItalic.ttf */ = {isa = PBXFileReference; lastKnownFileType = file; path = "Poppins-SemiBoldItalic.ttf"; sourceTree = "<group>"; };
		32554B6C288887CC0080B124 /* Poppins-ExtraBoldItalic.ttf */ = {isa = PBXFileReference; lastKnownFileType = file; path = "Poppins-ExtraBoldItalic.ttf"; sourceTree = "<group>"; };
		32554B6D288887CC0080B124 /* Poppins-ExtraBold.ttf */ = {isa = PBXFileReference; lastKnownFileType = file; path = "Poppins-ExtraBold.ttf"; sourceTree = "<group>"; };
		32554B6E288887CC0080B124 /* Poppins-BlackItalic.ttf */ = {isa = PBXFileReference; lastKnownFileType = file; path = "Poppins-BlackItalic.ttf"; sourceTree = "<group>"; };
		32554B6F288887CC0080B124 /* Poppins-Regular.ttf */ = {isa = PBXFileReference; lastKnownFileType = file; path = "Poppins-Regular.ttf"; sourceTree = "<group>"; };
		32554B70288887CC0080B124 /* Poppins-LightItalic.ttf */ = {isa = PBXFileReference; lastKnownFileType = file; path = "Poppins-LightItalic.ttf"; sourceTree = "<group>"; };
		32554B71288887CC0080B124 /* Poppins-Bold.ttf */ = {isa = PBXFileReference; lastKnownFileType = file; path = "Poppins-Bold.ttf"; sourceTree = "<group>"; };
		32554B72288887CC0080B124 /* Poppins-Black.ttf */ = {isa = PBXFileReference; lastKnownFileType = file; path = "Poppins-Black.ttf"; sourceTree = "<group>"; };
		32554B73288887CC0080B124 /* Poppins-Thin.ttf */ = {isa = PBXFileReference; lastKnownFileType = file; path = "Poppins-Thin.ttf"; sourceTree = "<group>"; };
		32554B74288887CC0080B124 /* Poppins-SemiBold.ttf */ = {isa = PBXFileReference; lastKnownFileType = file; path = "Poppins-SemiBold.ttf"; sourceTree = "<group>"; };
		32554B75288887CC0080B124 /* Poppins-Italic.ttf */ = {isa = PBXFileReference; lastKnownFileType = file; path = "Poppins-Italic.ttf"; sourceTree = "<group>"; };
		32554B76288887CC0080B124 /* Poppins-MediumItalic.ttf */ = {isa = PBXFileReference; lastKnownFileType = file; path = "Poppins-MediumItalic.ttf"; sourceTree = "<group>"; };
		32554B78288887CC0080B124 /* Colors.xcassets */ = {isa = PBXFileReference; lastKnownFileType = folder.assetcatalog; path = Colors.xcassets; sourceTree = "<group>"; };
		32554B79288887CC0080B124 /* Assets.xcassets */ = {isa = PBXFileReference; lastKnownFileType = folder.assetcatalog; path = Assets.xcassets; sourceTree = "<group>"; };
		32554B7C288887CC0080B124 /* en */ = {isa = PBXFileReference; lastKnownFileType = text.plist.strings; name = en; path = en.lproj/Localizable.strings; sourceTree = "<group>"; };
		32554B7D288887CC0080B124 /* AppStrings.swift */ = {isa = PBXFileReference; fileEncoding = 4; lastKnownFileType = sourcecode.swift; path = AppStrings.swift; sourceTree = "<group>"; };
		32F917BD2884D6830081A5AA /* SiloApp.app */ = {isa = PBXFileReference; explicitFileType = wrapper.application; includeInIndex = 0; path = SiloApp.app; sourceTree = BUILT_PRODUCTS_DIR; };
		32F917C02884D6830081A5AA /* SiloAppApp.swift */ = {isa = PBXFileReference; lastKnownFileType = sourcecode.swift; path = SiloAppApp.swift; sourceTree = "<group>"; };
		32F917C22884D6830081A5AA /* ContentView.swift */ = {isa = PBXFileReference; lastKnownFileType = sourcecode.swift; path = ContentView.swift; sourceTree = "<group>"; };
		32F917C42884D6880081A5AA /* Assets.xcassets */ = {isa = PBXFileReference; lastKnownFileType = folder.assetcatalog; path = Assets.xcassets; sourceTree = "<group>"; };
		32F917C72884D6880081A5AA /* Preview Assets.xcassets */ = {isa = PBXFileReference; lastKnownFileType = folder.assetcatalog; path = "Preview Assets.xcassets"; sourceTree = "<group>"; };
/* End PBXFileReference section */

/* Begin PBXFrameworksBuildPhase section */
		32F917BA2884D6830081A5AA /* Frameworks */ = {
			isa = PBXFrameworksBuildPhase;
			buildActionMask = 2147483647;
			files = (
			);
			runOnlyForDeploymentPostprocessing = 0;
		};
/* End PBXFrameworksBuildPhase section */

/* Begin PBXGroup section */
		32554A722885EB680080B124 /* Helper */ = {
			isa = PBXGroup;
			children = (
				32554AC12885F4870080B124 /* Security */,
				32554AAB2885F24E0080B124 /* Network Files */,
				32554A8E2885EF2F0080B124 /* Extensions */,
				32554A852885EDEB0080B124 /* Contacts Manager */,
				32554A802885ED210080B124 /* Common Functions */,
				32554A732885EB850080B124 /* App Constants */,
			);
			path = Helper;
			sourceTree = "<group>";
		};
		32554A732885EB850080B124 /* App Constants */ = {
			isa = PBXGroup;
			children = (
				32554A742885EBB00080B124 /* AppColors.swift */,
				32554A762885EBDE0080B124 /* AppConstants.swift */,
				32554A782885EC350080B124 /* AppDefaults.swift */,
				32554A7A2885EC7D0080B124 /* AppFonts.swift */,
				32554A7C2885ECCB0080B124 /* AppImages.swift */,
				32554A7E2885ECFD0080B124 /* AppObservers.swift */,
			);
			path = "App Constants";
			sourceTree = "<group>";
		};
		32554A802885ED210080B124 /* Common Functions */ = {
			isa = PBXGroup;
			children = (
				32554A812885ED690080B124 /* CommonFunctions.swift */,
				32554A832885ED9E0080B124 /* ManageNavigations.swift */,
			);
			path = "Common Functions";
			sourceTree = "<group>";
		};
		32554A852885EDEB0080B124 /* Contacts Manager */ = {
			isa = PBXGroup;
			children = (
				32554A862885EE0C0080B124 /* ContactBean.swift */,
				32554A882885EE350080B124 /* ContactsCoreDataManager.swift */,
				32554A8A2885EE710080B124 /* ContactsUtility.swift */,
				32554A8C2885EF0D0080B124 /* dialCode */,
			);
			path = "Contacts Manager";
			sourceTree = "<group>";
		};
		32554A8E2885EF2F0080B124 /* Extensions */ = {
			isa = PBXGroup;
			children = (
				32554A8F2885EF4D0080B124 /* ArrayExtensions.swift */,
				32554A912885EF750080B124 /* DateExtension.swift */,
				32554A932885EFAF0080B124 /* DictionaryExtension.swift */,
				32554A952885EFE60080B124 /* DispatchQueueExtension.swift */,
				32554A972885F0170080B124 /* NumberExtension.swift */,
				32554A992885F03E0080B124 /* StringExtension.swift */,
				32554A9B2885F07F0080B124 /* UIApplicationExtension.swift */,
				32554A9D2885F0BB0080B124 /* UIButtonExtension.swift */,
				32554A9F2885F0F20080B124 /* UICollectionView+UICollectionViewCellExtension.swift */,
				32554AA12885F11B0080B124 /* UIDeviceExtension.swift */,
				32554AA32885F15A0080B124 /* UIImageExtension.swift */,
				32554AA52885F1A30080B124 /* UITableView+UITableViewCellExtension.swift */,
				32554AA72885F1D90080B124 /* UIViewControllerExtension.swift */,
				32554AA92885F20F0080B124 /* UIViewExtension.swift */,
			);
			path = Extensions;
			sourceTree = "<group>";
		};
		32554AAB2885F24E0080B124 /* Network Files */ = {
			isa = PBXGroup;
			children = (
				32554AB42885F3370080B124 /* Network Manager */,
				32554AAF2885F29B0080B124 /* Coin API */,
				32554AAC2885F2690080B124 /* AWS Manager */,
			);
			path = "Network Files";
			sourceTree = "<group>";
		};
		32554AAC2885F2690080B124 /* AWS Manager */ = {
			isa = PBXGroup;
			children = (
				32554AAD2885F2860080B124 /* AWSS3Manager.swift */,
			);
			path = "AWS Manager";
			sourceTree = "<group>";
		};
		32554AAF2885F29B0080B124 /* Coin API */ = {
			isa = PBXGroup;
			children = (
				32554AB02885F2C80080B124 /* CoinAPI.swift */,
				32554AB22885F3030080B124 /* CoinMarketCap.swift */,
			);
			path = "Coin API";
			sourceTree = "<group>";
		};
		32554AB42885F3370080B124 /* Network Manager */ = {
			isa = PBXGroup;
			children = (
				32554AB52885F3550080B124 /* APIResponseType.swift */,
				32554AB72885F3800080B124 /* APIKeys.swift */,
				32554AB92885F3A20080B124 /* Connectivity.swift */,
				32554ABB2885F3C90080B124 /* EndPoints.swift */,
				32554ABD2885F3EF0080B124 /* NetworkManager.swift */,
				32554ABF2885F44A0080B124 /* WebServices.swift */,
			);
			path = "Network Manager";
			sourceTree = "<group>";
		};
		32554AC12885F4870080B124 /* Security */ = {
			isa = PBXGroup;
			children = (
				32554AC22885F4B00080B124 /* Encryption.swift */,
				32554AC42885F4F50080B124 /* WalletSecurity.swift */,
			);
			path = Security;
			sourceTree = "<group>";
		};
		32554AC62885F9A80080B124 /* Model */ = {
			isa = PBXGroup;
			children = (
				32554B2F288605D60080B124 /* Wallet List */,
				32554B2A2886057A0080B124 /* User */,
				32554B27288604CD0080B124 /* User Profile Details */,
				32554B24288604A00080B124 /* Settings */,
				32554B1D2886040F0080B124 /* Sell Buy Send Request */,
				32554B182886038D0080B124 /* Requests */,
				32554B11288602B10080B124 /* Profile Items */,
				32554B05288601C90080B124 /* Onboarding */,
				32554AFE288601400080B124 /* Notifications */,
				32554AF32885FD6A0080B124 /* Friend Contacts */,
				32554AEB2885FCD70080B124 /* Edit Profile */,
				32554AE22885FC1B0080B124 /* Currencies */,
				32554AC72885F9AF0080B124 /* Coin Market */,
				32554B342886064C0080B124 /* CommonResponseData.swift */,
				32554B36288606750080B124 /* ErrorData.swift */,
			);
			path = Model;
			sourceTree = "<group>";
		};
		32554AC72885F9AF0080B124 /* Coin Market */ = {
			isa = PBXGroup;
			children = (
				32554AC92885F9D90080B124 /* History */,
				32554AC82885F9C00080B124 /* Currencies */,
				32554ACA2885F9EB0080B124 /* Status.swift */,
			);
			path = "Coin Market";
			sourceTree = "<group>";
		};
		32554AC82885F9C00080B124 /* Currencies */ = {
			isa = PBXGroup;
			children = (
				32554ACC2885FA190080B124 /* CryptoCurrenciesData.swift */,
				32554ACE2885FA370080B124 /* CryptoCurrency.swift */,
				32554AD02885FA660080B124 /* Currencies.swift */,
				32554AD22885FA940080B124 /* CurrencyQuote.swift */,
				32554AD42885FAC00080B124 /* LocalCurrency.swift */,
				32554AD62885FAEA0080B124 /* Platform.swift */,
			);
			path = Currencies;
			sourceTree = "<group>";
		};
		32554AC92885F9D90080B124 /* History */ = {
			isa = PBXGroup;
			children = (
				32554AD82885FB1C0080B124 /* CryptoHistoricalData.swift */,
				32554ADA2885FB450080B124 /* CurrencyHistory.swift */,
				32554ADC2885FB670080B124 /* HistoryQuote.swift */,
				32554ADE2885FB970080B124 /* HistoryQuotes.swift */,
				32554AE02885FBC30080B124 /* LocalCurrencyConversion.swift */,
			);
			path = History;
			sourceTree = "<group>";
		};
		32554AE22885FC1B0080B124 /* Currencies */ = {
			isa = PBXGroup;
			children = (
				32554AE32885FC390080B124 /* Cryptocurrencies.swift */,
				32554AE52885FC5F0080B124 /* CurrencyModel.swift */,
				32554AE72885FC8D0080B124 /* UpdateCryptoCurrencyData.swift */,
				32554AE92885FCB90080B124 /* WalletBalances.swift */,
			);
			path = Currencies;
			sourceTree = "<group>";
		};
		32554AEB2885FCD70080B124 /* Edit Profile */ = {
			isa = PBXGroup;
			children = (
				32554AEC2885FCF50080B124 /* EditProfileData.swift */,
				32554AEE2885FD1F0080B124 /* EditRequest.swift */,
				32554AF12885FD490080B124 /* ProfileData.swift */,
			);
			path = "Edit Profile";
			sourceTree = "<group>";
		};
		32554AF32885FD6A0080B124 /* Friend Contacts */ = {
			isa = PBXGroup;
			children = (
				32554AF4288600920080B124 /* AppUser.swift */,
				32554AF6288600B90080B124 /* ContactListData.swift */,
				32554AF8288600D80080B124 /* Contacts.swift */,
				32554AFA288600FA0080B124 /* KeyContacts.swift */,
				32554AFC288601210080B124 /* Mobile.swift */,
			);
			path = "Friend Contacts";
			sourceTree = "<group>";
		};
		32554AFE288601400080B124 /* Notifications */ = {
			isa = PBXGroup;
			children = (
				32554AFF2886015C0080B124 /* NotificationData.swift */,
				32554B01288601830080B124 /* NotificationList.swift */,
				32554B03288601A70080B124 /* Payload.swift */,
			);
			path = Notifications;
			sourceTree = "<group>";
		};
		32554B05288601C90080B124 /* Onboarding */ = {
			isa = PBXGroup;
			children = (
				32554B06288601DF0080B124 /* ForgotPasswordData.swift */,
				32554B082886020F0080B124 /* OTPVerificationData.swift */,
				32554B0A2886023E0080B124 /* RecoveryPhaseData.swift */,
				32554B0C288602620080B124 /* UpdateRecoveryPhrase.swift */,
				32554B0F288602940080B124 /* UserNameExistData.swift */,
			);
			path = Onboarding;
			sourceTree = "<group>";
		};
		32554B11288602B10080B124 /* Profile Items */ = {
			isa = PBXGroup;
			children = (
				32554B12288602CC0080B124 /* ProfileItem.swift */,
				32554B14288603180080B124 /* SearchUserData.swift */,
				32554B16288603460080B124 /* SettingItem.swift */,
			);
			path = "Profile Items";
			sourceTree = "<group>";
		};
		32554B182886038D0080B124 /* Requests */ = {
			isa = PBXGroup;
			children = (
				32554B19288603A20080B124 /* Requests.swift */,
				32554B1B288603F10080B124 /* RequestData.swift */,
			);
			path = Requests;
			sourceTree = "<group>";
		};
		32554B1D2886040F0080B124 /* Sell Buy Send Request */ = {
			isa = PBXGroup;
			children = (
				32554B1E288604260080B124 /* AccountItem.swift */,
				32554B202886044A0080B124 /* ReviewDetailsItem.swift */,
				32554B222886047F0080B124 /* SellBuySendRequestItem.swift */,
			);
			path = "Sell Buy Send Request";
			sourceTree = "<group>";
		};
		32554B24288604A00080B124 /* Settings */ = {
			isa = PBXGroup;
			children = (
				32554B25288604B30080B124 /* SettingsData.swift */,
			);
			path = Settings;
			sourceTree = "<group>";
		};
		32554B27288604CD0080B124 /* User Profile Details */ = {
			isa = PBXGroup;
			children = (
				32554B28288604EC0080B124 /* UserProfileDetailsItems.swift */,
			);
			path = "User Profile Details";
			sourceTree = "<group>";
		};
		32554B2A2886057A0080B124 /* User */ = {
			isa = PBXGroup;
			children = (
				32554B2B2886058D0080B124 /* UserData.swift */,
				32554B2D288605B00080B124 /* UserProfileDetails.swift */,
			);
			path = User;
			sourceTree = "<group>";
		};
		32554B2F288605D60080B124 /* Wallet List */ = {
			isa = PBXGroup;
			children = (
				32554B30288605EC0080B124 /* WalletData.swift */,
				32554B322886060E0080B124 /* WalletList.swift */,
			);
			path = "Wallet List";
			sourceTree = "<group>";
		};
		32554B3E28887F850080B124 /* Silo.xcdatamodeId */ = {
			isa = PBXGroup;
			children = (
				32554B3F28887FBE0080B124 /* Silo.xcdatamodel */,
			);
			path = Silo.xcdatamodeId;
			sourceTree = "<group>";
		};
		32554B3F28887FBE0080B124 /* Silo.xcdatamodel */ = {
			isa = PBXGroup;
			children = (
			);
			path = Silo.xcdatamodel;
			sourceTree = "<group>";
		};
		32554B45288880980080B124 /* View Model */ = {
			isa = PBXGroup;
			children = (
				32554B4F288882600080B124 /* Onboarding */,
				32554B4C288881610080B124 /* Home */,
				32554B49288880F90080B124 /* CryptoCurrencyDetails */,
				32554B46288880AD0080B124 /* Add External Wallet */,
			);
			path = "View Model";
			sourceTree = "<group>";
		};
		32554B46288880AD0080B124 /* Add External Wallet */ = {
			isa = PBXGroup;
			children = (
				32554B47288880D50080B124 /* SwiftUIView.swift */,
			);
			path = "Add External Wallet";
			sourceTree = "<group>";
		};
		32554B49288880F90080B124 /* CryptoCurrencyDetails */ = {
			isa = PBXGroup;
			children = (
				32554B4A2888812E0080B124 /* CryptoCurrencyDetailsViewModel.swift */,
			);
			path = CryptoCurrencyDetails;
			sourceTree = "<group>";
		};
		32554B4C288881610080B124 /* Home */ = {
			isa = PBXGroup;
			children = (
				32554B4D288881770080B124 /* HomeViewModel.swift */,
			);
			path = Home;
			sourceTree = "<group>";
		};
		32554B4F288882600080B124 /* Onboarding */ = {
			isa = PBXGroup;
			children = (
				32554B50288882740080B124 /* ForgotPasswordViewModel.swift */,
				32554B52288882BD0080B124 /* LoginViewModel.swift */,
				32554B54288882E70080B124 /* OTPVerificationViewModel.swift */,
				32554B56288883150080B124 /* ResetPasswordViewModel.swift */,
			);
			path = Onboarding;
			sourceTree = "<group>";
		};
		32554B58288887CC0080B124 /* Resources */ = {
			isa = PBXGroup;
			children = (
				32554B59288887CC0080B124 /* Info-plist */,
				32554B5F288887CC0080B124 /* Header Files */,
				32554B64288887CC0080B124 /* Fonts */,
				32554B77288887CC0080B124 /* Assets */,
				32554B7A288887CC0080B124 /* Localization */,
			);
			path = Resources;
			sourceTree = "<group>";
		};
		32554B59288887CC0080B124 /* Info-plist */ = {
			isa = PBXGroup;
			children = (
				32554B5A288887CC0080B124 /* Switch_Staging-Info.plist */,
				32554B5B288887CC0080B124 /* GoogleService-Info.plist */,
				32554B5C288887CC0080B124 /* Switch_QA-Info.plist */,
				32554B5D288887CC0080B124 /* Info.plist */,
				32554B5E288887CC0080B124 /* Switch_Dev-info.plist */,
			);
			path = "Info-plist";
			sourceTree = "<group>";
		};
		32554B5F288887CC0080B124 /* Header Files */ = {
			isa = PBXGroup;
			children = (
				32554B60288887CC0080B124 /* Switch_Staging-Bridging-Header.h */,
				32554B61288887CC0080B124 /* Switch_QA-Bridging-Header.h */,
				32554B62288887CC0080B124 /* Switch-Bridging-Header.h */,
				32554B63288887CC0080B124 /* Switch_Dev-Bridging-Header.h */,
			);
			path = "Header Files";
			sourceTree = "<group>";
		};
		32554B64288887CC0080B124 /* Fonts */ = {
			isa = PBXGroup;
			children = (
				32554B65288887CC0080B124 /* Poppins-ExtraLight.ttf */,
				32554B66288887CC0080B124 /* Poppins-ThinItalic.ttf */,
				32554B67288887CC0080B124 /* Poppins-ExtraLightItalic.ttf */,
				32554B68288887CC0080B124 /* Poppins-BoldItalic.ttf */,
				32554B69288887CC0080B124 /* Poppins-Light.ttf */,
				32554B6A288887CC0080B124 /* Poppins-Medium.ttf */,
				32554B6B288887CC0080B124 /* Poppins-SemiBoldItalic.ttf */,
				32554B6C288887CC0080B124 /* Poppins-ExtraBoldItalic.ttf */,
				32554B6D288887CC0080B124 /* Poppins-ExtraBold.ttf */,
				32554B6E288887CC0080B124 /* Poppins-BlackItalic.ttf */,
				32554B6F288887CC0080B124 /* Poppins-Regular.ttf */,
				32554B70288887CC0080B124 /* Poppins-LightItalic.ttf */,
				32554B71288887CC0080B124 /* Poppins-Bold.ttf */,
				32554B72288887CC0080B124 /* Poppins-Black.ttf */,
				32554B73288887CC0080B124 /* Poppins-Thin.ttf */,
				32554B74288887CC0080B124 /* Poppins-SemiBold.ttf */,
				32554B75288887CC0080B124 /* Poppins-Italic.ttf */,
				32554B76288887CC0080B124 /* Poppins-MediumItalic.ttf */,
			);
			path = Fonts;
			sourceTree = "<group>";
		};
		32554B77288887CC0080B124 /* Assets */ = {
			isa = PBXGroup;
			children = (
				32554B78288887CC0080B124 /* Colors.xcassets */,
				32554B79288887CC0080B124 /* Assets.xcassets */,
			);
			path = Assets;
			sourceTree = "<group>";
		};
		32554B7A288887CC0080B124 /* Localization */ = {
			isa = PBXGroup;
			children = (
				32554B7B288887CC0080B124 /* Localizable.strings */,
				32554B7D288887CC0080B124 /* AppStrings.swift */,
			);
			path = Localization;
			sourceTree = "<group>";
		};
		32F917B42884D6830081A5AA = {
			isa = PBXGroup;
			children = (
				32F917BF2884D6830081A5AA /* SiloApp */,
				32F917BE2884D6830081A5AA /* Products */,
			);
			sourceTree = "<group>";
		};
		32F917BE2884D6830081A5AA /* Products */ = {
			isa = PBXGroup;
			children = (
				32F917BD2884D6830081A5AA /* SiloApp.app */,
			);
			name = Products;
			sourceTree = "<group>";
		};
		32F917BF2884D6830081A5AA /* SiloApp */ = {
			isa = PBXGroup;
			children = (
				32554B58288887CC0080B124 /* Resources */,
				32554B45288880980080B124 /* View Model */,
				32554B3E28887F850080B124 /* Silo.xcdatamodeId */,
				32554AC62885F9A80080B124 /* Model */,
				32554A722885EB680080B124 /* Helper */,
				32F917C02884D6830081A5AA /* SiloAppApp.swift */,
				32F917C22884D6830081A5AA /* ContentView.swift */,
				32F917C42884D6880081A5AA /* Assets.xcassets */,
				32F917C62884D6880081A5AA /* Preview Content */,
			);
			path = SiloApp;
			sourceTree = "<group>";
		};
		32F917C62884D6880081A5AA /* Preview Content */ = {
			isa = PBXGroup;
			children = (
				32F917C72884D6880081A5AA /* Preview Assets.xcassets */,
			);
			path = "Preview Content";
			sourceTree = "<group>";
		};
/* End PBXGroup section */

/* Begin PBXNativeTarget section */
		32F917BC2884D6830081A5AA /* SiloApp */ = {
			isa = PBXNativeTarget;
			buildConfigurationList = 32F917CB2884D6880081A5AA /* Build configuration list for PBXNativeTarget "SiloApp" */;
			buildPhases = (
				32F917B92884D6830081A5AA /* Sources */,
				32F917BA2884D6830081A5AA /* Frameworks */,
				32F917BB2884D6830081A5AA /* Resources */,
			);
			buildRules = (
			);
			dependencies = (
			);
			name = SiloApp;
			productName = SiloApp;
			productReference = 32F917BD2884D6830081A5AA /* SiloApp.app */;
			productType = "com.apple.product-type.application";
		};
/* End PBXNativeTarget section */

/* Begin PBXProject section */
		32F917B52884D6830081A5AA /* Project object */ = {
			isa = PBXProject;
			attributes = {
				BuildIndependentTargetsInParallel = 1;
				LastSwiftUpdateCheck = 1330;
				LastUpgradeCheck = 1330;
				TargetAttributes = {
					32F917BC2884D6830081A5AA = {
						CreatedOnToolsVersion = 13.3;
					};
				};
			};
			buildConfigurationList = 32F917B82884D6830081A5AA /* Build configuration list for PBXProject "SiloApp" */;
			compatibilityVersion = "Xcode 13.0";
			developmentRegion = en;
			hasScannedForEncodings = 0;
			knownRegions = (
				en,
				Base,
			);
			mainGroup = 32F917B42884D6830081A5AA;
			productRefGroup = 32F917BE2884D6830081A5AA /* Products */;
			projectDirPath = "";
			projectRoot = "";
			targets = (
				32F917BC2884D6830081A5AA /* SiloApp */,
			);
		};
/* End PBXProject section */

/* Begin PBXResourcesBuildPhase section */
		32F917BB2884D6830081A5AA /* Resources */ = {
			isa = PBXResourcesBuildPhase;
			buildActionMask = 2147483647;
			files = (
				32554B82288887CC0080B124 /* Switch_Dev-info.plist in Resources */,
				32554B88288887CC0080B124 /* Poppins-Medium.ttf in Resources */,
				32554B87288887CC0080B124 /* Poppins-Light.ttf in Resources */,
				32F917C82884D6880081A5AA /* Preview Assets.xcassets in Resources */,
				32554A8D2885EF0D0080B124 /* dialCode in Resources */,
				32554B89288887CC0080B124 /* Poppins-SemiBoldItalic.ttf in Resources */,
				32554B86288887CC0080B124 /* Poppins-BoldItalic.ttf in Resources */,
				32554B83288887CC0080B124 /* Poppins-ExtraLight.ttf in Resources */,
				32554B90288887CC0080B124 /* Poppins-Black.ttf in Resources */,
				32554B8A288887CC0080B124 /* Poppins-ExtraBoldItalic.ttf in Resources */,
				32554B7F288887CC0080B124 /* GoogleService-Info.plist in Resources */,
				32554B7E288887CC0080B124 /* Switch_Staging-Info.plist in Resources */,
				32554B8E288887CC0080B124 /* Poppins-LightItalic.ttf in Resources */,
				32554B85288887CC0080B124 /* Poppins-ExtraLightItalic.ttf in Resources */,
				32554B80288887CC0080B124 /* Switch_QA-Info.plist in Resources */,
				32554B94288887CC0080B124 /* Poppins-MediumItalic.ttf in Resources */,
				32554B84288887CC0080B124 /* Poppins-ThinItalic.ttf in Resources */,
				32554B8B288887CC0080B124 /* Poppins-ExtraBold.ttf in Resources */,
				32554B96288887CC0080B124 /* Assets.xcassets in Resources */,
				32554B95288887CC0080B124 /* Colors.xcassets in Resources */,
				32554B8F288887CC0080B124 /* Poppins-Bold.ttf in Resources */,
				32554B93288887CC0080B124 /* Poppins-Italic.ttf in Resources */,
				32554B97288887CC0080B124 /* Localizable.strings in Resources */,
				32F917C52884D6880081A5AA /* Assets.xcassets in Resources */,
				32554B91288887CC0080B124 /* Poppins-Thin.ttf in Resources */,
				32554B8C288887CC0080B124 /* Poppins-BlackItalic.ttf in Resources */,
				32554B92288887CC0080B124 /* Poppins-SemiBold.ttf in Resources */,
				32554B8D288887CC0080B124 /* Poppins-Regular.ttf in Resources */,
				32554B81288887CC0080B124 /* Info.plist in Resources */,
			);
			runOnlyForDeploymentPostprocessing = 0;
		};
/* End PBXResourcesBuildPhase section */

/* Begin PBXSourcesBuildPhase section */
		32F917B92884D6830081A5AA /* Sources */ = {
			isa = PBXSourcesBuildPhase;
			buildActionMask = 2147483647;
			files = (
				32554AD72885FAEA0080B124 /* Platform.swift in Sources */,
				32554A842885ED9E0080B124 /* ManageNavigations.swift in Sources */,
				32554AE12885FBC30080B124 /* LocalCurrencyConversion.swift in Sources */,
				32554ADB2885FB450080B124 /* CurrencyHistory.swift in Sources */,
				32554B37288606750080B124 /* ErrorData.swift in Sources */,
				32554A922885EF750080B124 /* DateExtension.swift in Sources */,
				32554B51288882740080B124 /* ForgotPasswordViewModel.swift in Sources */,
				32554AEA2885FCB90080B124 /* WalletBalances.swift in Sources */,
				32554ADF2885FB970080B124 /* HistoryQuotes.swift in Sources */,
				32554A9C2885F07F0080B124 /* UIApplicationExtension.swift in Sources */,
				32554A8B2885EE710080B124 /* ContactsUtility.swift in Sources */,
				32554B2E288605B00080B124 /* UserProfileDetails.swift in Sources */,
				32554AED2885FCF50080B124 /* EditProfileData.swift in Sources */,
				32554A892885EE350080B124 /* ContactsCoreDataManager.swift in Sources */,
				32554A872885EE0C0080B124 /* ContactBean.swift in Sources */,
				32554A962885EFE60080B124 /* DispatchQueueExtension.swift in Sources */,
				32554A822885ED690080B124 /* CommonFunctions.swift in Sources */,
				32554A7B2885EC7D0080B124 /* AppFonts.swift in Sources */,
				32554AFB288600FA0080B124 /* KeyContacts.swift in Sources */,
				32554A982885F0170080B124 /* NumberExtension.swift in Sources */,
				32554ABC2885F3C90080B124 /* EndPoints.swift in Sources */,
				32554ADD2885FB670080B124 /* HistoryQuote.swift in Sources */,
				32554A942885EFAF0080B124 /* DictionaryExtension.swift in Sources */,
				32554AA22885F11B0080B124 /* UIDeviceExtension.swift in Sources */,
				32554AD92885FB1C0080B124 /* CryptoHistoricalData.swift in Sources */,
				32554A9E2885F0BB0080B124 /* UIButtonExtension.swift in Sources */,
				32554AAE2885F2860080B124 /* AWSS3Manager.swift in Sources */,
				32554B48288880D50080B124 /* SwiftUIView.swift in Sources */,
				32554B31288605EC0080B124 /* WalletData.swift in Sources */,
				32554A7F2885ECFD0080B124 /* AppObservers.swift in Sources */,
				32554AE82885FC8D0080B124 /* UpdateCryptoCurrencyData.swift in Sources */,
				32554A752885EBB00080B124 /* AppColors.swift in Sources */,
				32554ABE2885F3EF0080B124 /* NetworkManager.swift in Sources */,
				32554B04288601A70080B124 /* Payload.swift in Sources */,
				32554B53288882BD0080B124 /* LoginViewModel.swift in Sources */,
				32554AB12885F2C80080B124 /* CoinAPI.swift in Sources */,
				32554B15288603180080B124 /* SearchUserData.swift in Sources */,
				32554AAA2885F20F0080B124 /* UIViewExtension.swift in Sources */,
				32554AB62885F3550080B124 /* APIResponseType.swift in Sources */,
				32554A7D2885ECCB0080B124 /* AppImages.swift in Sources */,
				32554AB32885F3030080B124 /* CoinMarketCap.swift in Sources */,
				32554A902885EF4D0080B124 /* ArrayExtensions.swift in Sources */,
				32554B002886015C0080B124 /* NotificationData.swift in Sources */,
				32554A792885EC350080B124 /* AppDefaults.swift in Sources */,
				32F917C32884D6830081A5AA /* ContentView.swift in Sources */,
				32554AC02885F44A0080B124 /* WebServices.swift in Sources */,
				32554B07288601DF0080B124 /* ForgotPasswordData.swift in Sources */,
				32554A9A2885F03E0080B124 /* StringExtension.swift in Sources */,
				32554AE62885FC5F0080B124 /* CurrencyModel.swift in Sources */,
				32554AF5288600920080B124 /* AppUser.swift in Sources */,
				32554AC32885F4B00080B124 /* Encryption.swift in Sources */,
				32554B232886047F0080B124 /* SellBuySendRequestItem.swift in Sources */,
				32554B332886060E0080B124 /* WalletList.swift in Sources */,
				32F917C12884D6830081A5AA /* SiloAppApp.swift in Sources */,
				32554B212886044A0080B124 /* ReviewDetailsItem.swift in Sources */,
				32554B29288604EC0080B124 /* UserProfileDetailsItems.swift in Sources */,
				32554B13288602CC0080B124 /* ProfileItem.swift in Sources */,
				32554A772885EBDE0080B124 /* AppConstants.swift in Sources */,
				32554AA82885F1D90080B124 /* UIViewControllerExtension.swift in Sources */,
				32554AF7288600B90080B124 /* ContactListData.swift in Sources */,
				32554B0D288602620080B124 /* UpdateRecoveryPhrase.swift in Sources */,
				32554B0B2886023E0080B124 /* RecoveryPhaseData.swift in Sources */,
				32554AF9288600D80080B124 /* Contacts.swift in Sources */,
				32554B17288603460080B124 /* SettingItem.swift in Sources */,
				32554AD32885FA940080B124 /* CurrencyQuote.swift in Sources */,
				32554AA62885F1A30080B124 /* UITableView+UITableViewCellExtension.swift in Sources */,
				32554ABA2885F3A20080B124 /* Connectivity.swift in Sources */,
				32554B55288882E70080B124 /* OTPVerificationViewModel.swift in Sources */,
				32554B26288604B30080B124 /* SettingsData.swift in Sources */,
				32554AFD288601210080B124 /* Mobile.swift in Sources */,
				32554AE42885FC390080B124 /* Cryptocurrencies.swift in Sources */,
				32554B4E288881770080B124 /* HomeViewModel.swift in Sources */,
				32554B98288887CC0080B124 /* AppStrings.swift in Sources */,
				32554B1A288603A20080B124 /* Requests.swift in Sources */,
				32554B02288601830080B124 /* NotificationList.swift in Sources */,
				32554B10288602940080B124 /* UserNameExistData.swift in Sources */,
				32554AA02885F0F20080B124 /* UICollectionView+UICollectionViewCellExtension.swift in Sources */,
				32554AF22885FD490080B124 /* ProfileData.swift in Sources */,
				32554ACD2885FA190080B124 /* CryptoCurrenciesData.swift in Sources */,
				32554AD12885FA660080B124 /* Currencies.swift in Sources */,
				32554B1C288603F10080B124 /* RequestData.swift in Sources */,
				32554ACB2885F9EB0080B124 /* Status.swift in Sources */,
				32554B4B2888812E0080B124 /* CryptoCurrencyDetailsViewModel.swift in Sources */,
				32554AB82885F3800080B124 /* APIKeys.swift in Sources */,
				32554B352886064C0080B124 /* CommonResponseData.swift in Sources */,
				32554AEF2885FD1F0080B124 /* EditRequest.swift in Sources */,
				32554B092886020F0080B124 /* OTPVerificationData.swift in Sources */,
				32554B2C2886058D0080B124 /* UserData.swift in Sources */,
				32554AD52885FAC00080B124 /* LocalCurrency.swift in Sources */,
				32554B1F288604260080B124 /* AccountItem.swift in Sources */,
				32554B57288883150080B124 /* ResetPasswordViewModel.swift in Sources */,
				32554ACF2885FA370080B124 /* CryptoCurrency.swift in Sources */,
				32554AC52885F4F50080B124 /* WalletSecurity.swift in Sources */,
				32554AA42885F15A0080B124 /* UIImageExtension.swift in Sources */,
			);
			runOnlyForDeploymentPostprocessing = 0;
		};
/* End PBXSourcesBuildPhase section */

/* Begin PBXVariantGroup section */
		32554B7B288887CC0080B124 /* Localizable.strings */ = {
			isa = PBXVariantGroup;
			children = (
				32554B7C288887CC0080B124 /* en */,
			);
			name = Localizable.strings;
			sourceTree = "<group>";
		};
/* End PBXVariantGroup section */

/* Begin XCBuildConfiguration section */
		32F917C92884D6880081A5AA /* Debug */ = {
			isa = XCBuildConfiguration;
			buildSettings = {
				ALWAYS_SEARCH_USER_PATHS = NO;
				CLANG_ANALYZER_NONNULL = YES;
				CLANG_ANALYZER_NUMBER_OBJECT_CONVERSION = YES_AGGRESSIVE;
				CLANG_CXX_LANGUAGE_STANDARD = "gnu++17";
				CLANG_ENABLE_MODULES = YES;
				CLANG_ENABLE_OBJC_ARC = YES;
				CLANG_ENABLE_OBJC_WEAK = YES;
				CLANG_WARN_BLOCK_CAPTURE_AUTORELEASING = YES;
				CLANG_WARN_BOOL_CONVERSION = YES;
				CLANG_WARN_COMMA = YES;
				CLANG_WARN_CONSTANT_CONVERSION = YES;
				CLANG_WARN_DEPRECATED_OBJC_IMPLEMENTATIONS = YES;
				CLANG_WARN_DIRECT_OBJC_ISA_USAGE = YES_ERROR;
				CLANG_WARN_DOCUMENTATION_COMMENTS = YES;
				CLANG_WARN_EMPTY_BODY = YES;
				CLANG_WARN_ENUM_CONVERSION = YES;
				CLANG_WARN_INFINITE_RECURSION = YES;
				CLANG_WARN_INT_CONVERSION = YES;
				CLANG_WARN_NON_LITERAL_NULL_CONVERSION = YES;
				CLANG_WARN_OBJC_IMPLICIT_RETAIN_SELF = YES;
				CLANG_WARN_OBJC_LITERAL_CONVERSION = YES;
				CLANG_WARN_OBJC_ROOT_CLASS = YES_ERROR;
				CLANG_WARN_QUOTED_INCLUDE_IN_FRAMEWORK_HEADER = YES;
				CLANG_WARN_RANGE_LOOP_ANALYSIS = YES;
				CLANG_WARN_STRICT_PROTOTYPES = YES;
				CLANG_WARN_SUSPICIOUS_MOVE = YES;
				CLANG_WARN_UNGUARDED_AVAILABILITY = YES_AGGRESSIVE;
				CLANG_WARN_UNREACHABLE_CODE = YES;
				CLANG_WARN__DUPLICATE_METHOD_MATCH = YES;
				COPY_PHASE_STRIP = NO;
				DEBUG_INFORMATION_FORMAT = dwarf;
				ENABLE_STRICT_OBJC_MSGSEND = YES;
				ENABLE_TESTABILITY = YES;
				GCC_C_LANGUAGE_STANDARD = gnu11;
				GCC_DYNAMIC_NO_PIC = NO;
				GCC_NO_COMMON_BLOCKS = YES;
				GCC_OPTIMIZATION_LEVEL = 0;
				GCC_PREPROCESSOR_DEFINITIONS = (
					"DEBUG=1",
					"$(inherited)",
				);
				GCC_WARN_64_TO_32_BIT_CONVERSION = YES;
				GCC_WARN_ABOUT_RETURN_TYPE = YES_ERROR;
				GCC_WARN_UNDECLARED_SELECTOR = YES;
				GCC_WARN_UNINITIALIZED_AUTOS = YES_AGGRESSIVE;
				GCC_WARN_UNUSED_FUNCTION = YES;
				GCC_WARN_UNUSED_VARIABLE = YES;
				IPHONEOS_DEPLOYMENT_TARGET = 15.4;
				MTL_ENABLE_DEBUG_INFO = INCLUDE_SOURCE;
				MTL_FAST_MATH = YES;
				ONLY_ACTIVE_ARCH = YES;
				SDKROOT = iphoneos;
				SWIFT_ACTIVE_COMPILATION_CONDITIONS = DEBUG;
				SWIFT_OPTIMIZATION_LEVEL = "-Onone";
			};
			name = Debug;
		};
		32F917CA2884D6880081A5AA /* Release */ = {
			isa = XCBuildConfiguration;
			buildSettings = {
				ALWAYS_SEARCH_USER_PATHS = NO;
				CLANG_ANALYZER_NONNULL = YES;
				CLANG_ANALYZER_NUMBER_OBJECT_CONVERSION = YES_AGGRESSIVE;
				CLANG_CXX_LANGUAGE_STANDARD = "gnu++17";
				CLANG_ENABLE_MODULES = YES;
				CLANG_ENABLE_OBJC_ARC = YES;
				CLANG_ENABLE_OBJC_WEAK = YES;
				CLANG_WARN_BLOCK_CAPTURE_AUTORELEASING = YES;
				CLANG_WARN_BOOL_CONVERSION = YES;
				CLANG_WARN_COMMA = YES;
				CLANG_WARN_CONSTANT_CONVERSION = YES;
				CLANG_WARN_DEPRECATED_OBJC_IMPLEMENTATIONS = YES;
				CLANG_WARN_DIRECT_OBJC_ISA_USAGE = YES_ERROR;
				CLANG_WARN_DOCUMENTATION_COMMENTS = YES;
				CLANG_WARN_EMPTY_BODY = YES;
				CLANG_WARN_ENUM_CONVERSION = YES;
				CLANG_WARN_INFINITE_RECURSION = YES;
				CLANG_WARN_INT_CONVERSION = YES;
				CLANG_WARN_NON_LITERAL_NULL_CONVERSION = YES;
				CLANG_WARN_OBJC_IMPLICIT_RETAIN_SELF = YES;
				CLANG_WARN_OBJC_LITERAL_CONVERSION = YES;
				CLANG_WARN_OBJC_ROOT_CLASS = YES_ERROR;
				CLANG_WARN_QUOTED_INCLUDE_IN_FRAMEWORK_HEADER = YES;
				CLANG_WARN_RANGE_LOOP_ANALYSIS = YES;
				CLANG_WARN_STRICT_PROTOTYPES = YES;
				CLANG_WARN_SUSPICIOUS_MOVE = YES;
				CLANG_WARN_UNGUARDED_AVAILABILITY = YES_AGGRESSIVE;
				CLANG_WARN_UNREACHABLE_CODE = YES;
				CLANG_WARN__DUPLICATE_METHOD_MATCH = YES;
				COPY_PHASE_STRIP = NO;
				DEBUG_INFORMATION_FORMAT = "dwarf-with-dsym";
				ENABLE_NS_ASSERTIONS = NO;
				ENABLE_STRICT_OBJC_MSGSEND = YES;
				GCC_C_LANGUAGE_STANDARD = gnu11;
				GCC_NO_COMMON_BLOCKS = YES;
				GCC_WARN_64_TO_32_BIT_CONVERSION = YES;
				GCC_WARN_ABOUT_RETURN_TYPE = YES_ERROR;
				GCC_WARN_UNDECLARED_SELECTOR = YES;
				GCC_WARN_UNINITIALIZED_AUTOS = YES_AGGRESSIVE;
				GCC_WARN_UNUSED_FUNCTION = YES;
				GCC_WARN_UNUSED_VARIABLE = YES;
				IPHONEOS_DEPLOYMENT_TARGET = 15.4;
				MTL_ENABLE_DEBUG_INFO = NO;
				MTL_FAST_MATH = YES;
				SDKROOT = iphoneos;
				SWIFT_COMPILATION_MODE = wholemodule;
				SWIFT_OPTIMIZATION_LEVEL = "-O";
				VALIDATE_PRODUCT = YES;
			};
			name = Release;
		};
		32F917CC2884D6880081A5AA /* Debug */ = {
			isa = XCBuildConfiguration;
			buildSettings = {
				ASSETCATALOG_COMPILER_APPICON_NAME = AppIcon;
				ASSETCATALOG_COMPILER_GLOBAL_ACCENT_COLOR_NAME = AccentColor;
				CODE_SIGN_STYLE = Automatic;
				CURRENT_PROJECT_VERSION = 1;
				DEVELOPMENT_ASSET_PATHS = "\"SiloApp/Preview Content\"";
				DEVELOPMENT_TEAM = J646XAGH7D;
				ENABLE_PREVIEWS = YES;
				GENERATE_INFOPLIST_FILE = YES;
				INFOPLIST_KEY_UIApplicationSceneManifest_Generation = YES;
				INFOPLIST_KEY_UIApplicationSupportsIndirectInputEvents = YES;
				INFOPLIST_KEY_UILaunchScreen_Generation = YES;
				INFOPLIST_KEY_UISupportedInterfaceOrientations_iPad = "UIInterfaceOrientationPortrait UIInterfaceOrientationPortraitUpsideDown UIInterfaceOrientationLandscapeLeft UIInterfaceOrientationLandscapeRight";
				INFOPLIST_KEY_UISupportedInterfaceOrientations_iPhone = "UIInterfaceOrientationPortrait UIInterfaceOrientationLandscapeLeft UIInterfaceOrientationLandscapeRight";
				LD_RUNPATH_SEARCH_PATHS = (
					"$(inherited)",
					"@executable_path/Frameworks",
				);
				MARKETING_VERSION = 1.0;
				PRODUCT_BUNDLE_IDENTIFIER = dobis.SiloApp;
				PRODUCT_NAME = "$(TARGET_NAME)";
				SWIFT_EMIT_LOC_STRINGS = YES;
				SWIFT_VERSION = 5.0;
				TARGETED_DEVICE_FAMILY = "1,2";
			};
			name = Debug;
		};
		32F917CD2884D6880081A5AA /* Release */ = {
			isa = XCBuildConfiguration;
			buildSettings = {
				ASSETCATALOG_COMPILER_APPICON_NAME = AppIcon;
				ASSETCATALOG_COMPILER_GLOBAL_ACCENT_COLOR_NAME = AccentColor;
				CODE_SIGN_STYLE = Automatic;
				CURRENT_PROJECT_VERSION = 1;
				DEVELOPMENT_ASSET_PATHS = "\"SiloApp/Preview Content\"";
				DEVELOPMENT_TEAM = J646XAGH7D;
				ENABLE_PREVIEWS = YES;
				GENERATE_INFOPLIST_FILE = YES;
				INFOPLIST_KEY_UIApplicationSceneManifest_Generation = YES;
				INFOPLIST_KEY_UIApplicationSupportsIndirectInputEvents = YES;
				INFOPLIST_KEY_UILaunchScreen_Generation = YES;
				INFOPLIST_KEY_UISupportedInterfaceOrientations_iPad = "UIInterfaceOrientationPortrait UIInterfaceOrientationPortraitUpsideDown UIInterfaceOrientationLandscapeLeft UIInterfaceOrientationLandscapeRight";
				INFOPLIST_KEY_UISupportedInterfaceOrientations_iPhone = "UIInterfaceOrientationPortrait UIInterfaceOrientationLandscapeLeft UIInterfaceOrientationLandscapeRight";
				LD_RUNPATH_SEARCH_PATHS = (
					"$(inherited)",
					"@executable_path/Frameworks",
				);
				MARKETING_VERSION = 1.0;
				PRODUCT_BUNDLE_IDENTIFIER = dobis.SiloApp;
				PRODUCT_NAME = "$(TARGET_NAME)";
				SWIFT_EMIT_LOC_STRINGS = YES;
				SWIFT_VERSION = 5.0;
				TARGETED_DEVICE_FAMILY = "1,2";
			};
			name = Release;
		};
/* End XCBuildConfiguration section */

/* Begin XCConfigurationList section */
		32F917B82884D6830081A5AA /* Build configuration list for PBXProject "SiloApp" */ = {
			isa = XCConfigurationList;
			buildConfigurations = (
				32F917C92884D6880081A5AA /* Debug */,
				32F917CA2884D6880081A5AA /* Release */,
			);
			defaultConfigurationIsVisible = 0;
			defaultConfigurationName = Release;
		};
		32F917CB2884D6880081A5AA /* Build configuration list for PBXNativeTarget "SiloApp" */ = {
			isa = XCConfigurationList;
			buildConfigurations = (
				32F917CC2884D6880081A5AA /* Debug */,
				32F917CD2884D6880081A5AA /* Release */,
			);
			defaultConfigurationIsVisible = 0;
			defaultConfigurationName = Release;
		};
/* End XCConfigurationList section */
	};
	rootObject = 32F917B52884D6830081A5AA /* Project object */;
}
